// !$*UTF8*$!
{
	archiveVersion = 1;
	classes = {
	};
	objectVersion = 46;
	objects = {

/* Begin PBXBuildFile section */
		340399301D40ED7B00384BC6 /* AppDelegate.swift in Sources */ = {isa = PBXBuildFile; fileRef = 3403992F1D40ED7B00384BC6 /* AppDelegate.swift */; };
		340399321D40ED7B00384BC6 /* ViewController.swift in Sources */ = {isa = PBXBuildFile; fileRef = 340399311D40ED7B00384BC6 /* ViewController.swift */; };
		340399351D40ED7B00384BC6 /* Main.storyboard in Resources */ = {isa = PBXBuildFile; fileRef = 340399331D40ED7B00384BC6 /* Main.storyboard */; };
		340399371D40ED7B00384BC6 /* Assets.xcassets in Resources */ = {isa = PBXBuildFile; fileRef = 340399361D40ED7B00384BC6 /* Assets.xcassets */; };
		3403993F1D40FA7A00384BC6 /* README.md in Sources */ = {isa = PBXBuildFile; fileRef = 3403993E1D40FA7A00384BC6 /* README.md */; };
/* End PBXBuildFile section */

/* Begin PBXFileReference section */
		3403992C1D40ED7B00384BC6 /* TVOSFocusEngine.app */ = {isa = PBXFileReference; explicitFileType = wrapper.application; includeInIndex = 0; path = TVOSFocusEngine.app; sourceTree = BUILT_PRODUCTS_DIR; };
		3403992F1D40ED7B00384BC6 /* AppDelegate.swift */ = {isa = PBXFileReference; lastKnownFileType = sourcecode.swift; path = AppDelegate.swift; sourceTree = "<group>"; };
		340399311D40ED7B00384BC6 /* ViewController.swift */ = {isa = PBXFileReference; lastKnownFileType = sourcecode.swift; path = ViewController.swift; sourceTree = "<group>"; };
		340399341D40ED7B00384BC6 /* Base */ = {isa = PBXFileReference; lastKnownFileType = file.storyboard; name = Base; path = Base.lproj/Main.storyboard; sourceTree = "<group>"; };
		340399361D40ED7B00384BC6 /* Assets.xcassets */ = {isa = PBXFileReference; lastKnownFileType = folder.assetcatalog; path = Assets.xcassets; sourceTree = "<group>"; };
		340399381D40ED7B00384BC6 /* Info.plist */ = {isa = PBXFileReference; lastKnownFileType = text.plist.xml; path = Info.plist; sourceTree = "<group>"; };
		3403993E1D40FA7A00384BC6 /* README.md */ = {isa = PBXFileReference; fileEncoding = 4; lastKnownFileType = net.daringfireball.markdown; path = README.md; sourceTree = "<group>"; };
/* End PBXFileReference section */

/* Begin PBXFrameworksBuildPhase section */
		340399291D40ED7B00384BC6 /* Frameworks */ = {
			isa = PBXFrameworksBuildPhase;
			buildActionMask = 2147483647;
			files = (
			);
			runOnlyForDeploymentPostprocessing = 0;
		};
/* End PBXFrameworksBuildPhase section */

/* Begin PBXGroup section */
		340399231D40ED7B00384BC6 = {
			isa = PBXGroup;
			children = (
				3403993E1D40FA7A00384BC6 /* README.md */,
				3403992E1D40ED7B00384BC6 /* TVOSFocusEngine */,
				3403992D1D40ED7B00384BC6 /* Products */,
			);
			sourceTree = "<group>";
		};
		3403992D1D40ED7B00384BC6 /* Products */ = {
			isa = PBXGroup;
			children = (
				3403992C1D40ED7B00384BC6 /* TVOSFocusEngine.app */,
			);
			name = Products;
			sourceTree = "<group>";
		};
		3403992E1D40ED7B00384BC6 /* TVOSFocusEngine */ = {
			isa = PBXGroup;
			children = (
				3403992F1D40ED7B00384BC6 /* AppDelegate.swift */,
				340399311D40ED7B00384BC6 /* ViewController.swift */,
				340399331D40ED7B00384BC6 /* Main.storyboard */,
				340399361D40ED7B00384BC6 /* Assets.xcassets */,
				340399381D40ED7B00384BC6 /* Info.plist */,
			);
			path = TVOSFocusEngine;
			sourceTree = "<group>";
		};
/* End PBXGroup section */

/* Begin PBXNativeTarget section */
		3403992B1D40ED7B00384BC6 /* TVOSFocusEngine */ = {
			isa = PBXNativeTarget;
			buildConfigurationList = 3403993B1D40ED7B00384BC6 /* Build configuration list for PBXNativeTarget "TVOSFocusEngine" */;
			buildPhases = (
				340399281D40ED7B00384BC6 /* Sources */,
				340399291D40ED7B00384BC6 /* Frameworks */,
				3403992A1D40ED7B00384BC6 /* Resources */,
			);
			buildRules = (
			);
			dependencies = (
			);
			name = TVOSFocusEngine;
			productName = TVOSFocusEngine;
			productReference = 3403992C1D40ED7B00384BC6 /* TVOSFocusEngine.app */;
			productType = "com.apple.product-type.application";
		};
/* End PBXNativeTarget section */

/* Begin PBXProject section */
		340399241D40ED7B00384BC6 /* Project object */ = {
			isa = PBXProject;
			attributes = {
				LastSwiftUpdateCheck = 0730;
				LastUpgradeCheck = 0730;
				ORGANIZATIONNAME = "Mauro Olivo";
				TargetAttributes = {
					3403992B1D40ED7B00384BC6 = {
						CreatedOnToolsVersion = 7.3.1;
					};
				};
			};
			buildConfigurationList = 340399271D40ED7B00384BC6 /* Build configuration list for PBXProject "TVOSFocusEngine" */;
			compatibilityVersion = "Xcode 3.2";
			developmentRegion = English;
			hasScannedForEncodings = 0;
			knownRegions = (
				en,
				Base,
			);
			mainGroup = 340399231D40ED7B00384BC6;
			productRefGroup = 3403992D1D40ED7B00384BC6 /* Products */;
			projectDirPath = "";
			projectRoot = "";
			targets = (
				3403992B1D40ED7B00384BC6 /* TVOSFocusEngine */,
			);
		};
/* End PBXProject section */

/* Begin PBXResourcesBuildPhase section */
		3403992A1D40ED7B00384BC6 /* Resources */ = {
			isa = PBXResourcesBuildPhase;
			buildActionMask = 2147483647;
			files = (
				340399371D40ED7B00384BC6 /* Assets.xcassets in Resources */,
				340399351D40ED7B00384BC6 /* Main.storyboard in Resources */,
			);
			runOnlyForDeploymentPostprocessing = 0;
		};
/* End PBXResourcesBuildPhase section */

/* Begin PBXSourcesBuildPhase section */
		340399281D40ED7B00384BC6 /* Sources */ = {
			isa = PBXSourcesBuildPhase;
			buildActionMask = 2147483647;
			files = (
				3403993F1D40FA7A00384BC6 /* README.md in Sources */,
				340399321D40ED7B00384BC6 /* ViewController.swift in Sources */,
				340399301D40ED7B00384BC6 /* AppDelegate.swift in Sources */,
			);
			runOnlyForDeploymentPostprocessing = 0;
		};
/* End PBXSourcesBuildPhase section */

/* Begin PBXVariantGroup section */
		340399331D40ED7B00384BC6 /* Main.storyboard */ = {
			isa = PBXVariantGroup;
			children = (
				340399341D40ED7B00384BC6 /* Base */,
			);
			name = Main.storyboard;
			sourceTree = "<group>";
		};
/* End PBXVariantGroup section */

/* Begin XCBuildConfiguration section */
		340399391D40ED7B00384BC6 /* Debug */ = {
			isa = XCBuildConfiguration;
			buildSettings = {
				ALWAYS_SEARCH_USER_PATHS = NO;
				CLANG_ANALYZER_NONNULL = YES;
				CLANG_CXX_LANGUAGE_STANDARD = "gnu++0x";
				CLANG_CXX_LIBRARY = "libc++";
				CLANG_ENABLE_MODULES = YES;
				CLANG_ENABLE_OBJC_ARC = YES;
				CLANG_WARN_BOOL_CONVERSION = YES;
				CLANG_WARN_CONSTANT_CONVERSION = YES;
				CLANG_WARN_DIRECT_OBJC_ISA_USAGE = YES_ERROR;
				CLANG_WARN_EMPTY_BODY = YES;
				CLANG_WARN_ENUM_CONVERSION = YES;
				CLANG_WARN_INT_CONVERSION = YES;
				CLANG_WARN_OBJC_ROOT_CLASS = YES_ERROR;
				CLANG_WARN_UNREACHABLE_CODE = YES;
				CLANG_WARN__DUPLICATE_METHOD_MATCH = YES;
				COPY_PHASE_STRIP = NO;
				DEBUG_INFORMATION_FORMAT = dwarf;
				ENABLE_STRICT_OBJC_MSGSEND = YES;
				ENABLE_TESTABILITY = YES;
				GCC_C_LANGUAGE_STANDARD = gnu99;
				GCC_DYNAMIC_NO_PIC = NO;
				GCC_NO_COMMON_BLOCKS = YES;
				GCC_OPTIMIZATION_LEVEL = 0;
				GCC_PREPROCESSOR_DEFINITIONS = (
					"DEBUG=1",
					"$(inherited)",
				);
				GCC_WARN_64_TO_32_BIT_CONVERSION = YES;
				GCC_WARN_ABOUT_RETURN_TYPE = YES_ERROR;
				GCC_WARN_UNDECLARED_SELECTOR = YES;
				GCC_WARN_UNINITIALIZED_AUTOS = YES_AGGRESSIVE;
				GCC_WARN_UNUSED_FUNCTION = YES;
				GCC_WARN_UNUSED_VARIABLE = YES;
				MTL_ENABLE_DEBUG_INFO = YES;
				ONLY_ACTIVE_ARCH = YES;
				SDKROOT = appletvos;
				SWIFT_OPTIMIZATION_LEVEL = "-Onone";
				TARGETED_DEVICE_FAMILY = 3;
				TVOS_DEPLOYMENT_TARGET = 9.2;
			};
			name = Debug;
		};
		3403993A1D40ED7B00384BC6 /* Release */ = {
			isa = XCBuildConfiguration;
			buildSettings = {
				ALWAYS_SEARCH_USER_PATHS = NO;
				CLANG_ANALYZER_NONNULL = YES;
				CLANG_CXX_LANGUAGE_STANDARD = "gnu++0x";
				CLANG_CXX_LIBRARY = "libc++";
				CLANG_ENABLE_MODULES = YES;
				CLANG_ENABLE_OBJC_ARC = YES;
				CLANG_WARN_BOOL_CONVERSION = YES;
				CLANG_WARN_CONSTANT_CONVERSION = YES;
				CLANG_WARN_DIRECT_OBJC_ISA_USAGE = YES_ERROR;
				CLANG_WARN_EMPTY_BODY = YES;
				CLANG_WARN_ENUM_CONVERSION = YES;
				CLANG_WARN_INT_CONVERSION = YES;
				CLANG_WARN_OBJC_ROOT_CLASS = YES_ERROR;
				CLANG_WARN_UNREACHABLE_CODE = YES;
				CLANG_WARN__DUPLICATE_METHOD_MATCH = YES;
				COPY_PHASE_STRIP = NO;
				DEBUG_INFORMATION_FORMAT = "dwarf-with-dsym";
				ENABLE_NS_ASSERTIONS = NO;
				ENABLE_STRICT_OBJC_MSGSEND = YES;
				GCC_C_LANGUAGE_STANDARD = gnu99;
				GCC_NO_COMMON_BLOCKS = YES;
				GCC_WARN_64_TO_32_BIT_CONVERSION = YES;
				GCC_WARN_ABOUT_RETURN_TYPE = YES_ERROR;
				GCC_WARN_UNDECLARED_SELECTOR = YES;
				GCC_WARN_UNINITIALIZED_AUTOS = YES_AGGRESSIVE;
				GCC_WARN_UNUSED_FUNCTION = YES;
				GCC_WARN_UNUSED_VARIABLE = YES;
				MTL_ENABLE_DEBUG_INFO = NO;
				SDKROOT = appletvos;
				TARGETED_DEVICE_FAMILY = 3;
				TVOS_DEPLOYMENT_TARGET = 9.2;
				VALIDATE_PRODUCT = YES;
			};
			name = Release;
		};
		3403993C1D40ED7B00384BC6 /* Debug */ = {
			isa = XCBuildConfiguration;
			buildSettings = {
				ASSETCATALOG_COMPILER_APPICON_NAME = "App Icon & Top Shelf Image";
				ASSETCATALOG_COMPILER_LAUNCHIMAGE_NAME = LaunchImage;
				INFOPLIST_FILE = TVOSFocusEngine/Info.plist;
				LD_RUNPATH_SEARCH_PATHS = "$(inherited) @executable_path/Frameworks";
				PRODUCT_BUNDLE_IDENTIFIER = com.mauroolivo.TVOSFocusEngine;
				PRODUCT_NAME = "$(TARGET_NAME)";
			};
			name = Debug;
		};
		3403993D1D40ED7B00384BC6 /* Release */ = {
			isa = XCBuildConfiguration;
			buildSettings = {
				ASSETCATALOG_COMPILER_APPICON_NAME = "App Icon & Top Shelf Image";
				ASSETCATALOG_COMPILER_LAUNCHIMAGE_NAME = LaunchImage;
				INFOPLIST_FILE = TVOSFocusEngine/Info.plist;
				LD_RUNPATH_SEARCH_PATHS = "$(inherited) @executable_path/Frameworks";
				PRODUCT_BUNDLE_IDENTIFIER = com.mauroolivo.TVOSFocusEngine;
				PRODUCT_NAME = "$(TARGET_NAME)";
			};
			name = Release;
		};
/* End XCBuildConfiguration section */

/* Begin XCConfigurationList section */
		340399271D40ED7B00384BC6 /* Build configuration list for PBXProject "TVOSFocusEngine" */ = {
			isa = XCConfigurationList;
			buildConfigurations = (
				340399391D40ED7B00384BC6 /* Debug */,
				3403993A1D40ED7B00384BC6 /* Release */,
			);
			defaultConfigurationIsVisible = 0;
			defaultConfigurationName = Release;
		};
		3403993B1D40ED7B00384BC6 /* Build configuration list for PBXNativeTarget "TVOSFocusEngine" */ = {
			isa = XCConfigurationList;
			buildConfigurations = (
				3403993C1D40ED7B00384BC6 /* Debug */,
				3403993D1D40ED7B00384BC6 /* Release */,
			);
			defaultConfigurationIsVisible = 0;
			defaultConfigurationName = Release;
		};
/* End XCConfigurationList section */
	};
	rootObject = 340399241D40ED7B00384BC6 /* Project object */;
}
